Microsoft Visual Studio Solution File, Format Version 12.00
# Visual Studio 2012
Project("{2150E333-8FDC-42A3-9474-1A3956D46DE8}") = "Desktop", "Desktop", "{0969957A-D069-4CB0-8DB4-95A33A6DBD2D}"
EndProject
Project("{2150E333-8FDC-42A3-9474-1A3956D46DE8}") = "Portable", "Portable", "{CF1FE32E-CB52-46F3-A730-2417975803E9}"
EndProject
Project("{FAE04EC0-301F-11D3-BF4B-00C04F79EFBC}") = "BerLib", "BerLib\BerLib.csproj", "{5FC199CE-DA11-4D54-B52D-B9CEC1E3FF8E}"
EndProject
Project("{FAE04EC0-301F-11D3-BF4B-00C04F79EFBC}") = "EmberLib", "EmberLib\EmberLib.csproj", "{535D5B87-6DB7-41EB-A4EC-37A56C6352FB}"
EndProject
Project("{FAE04EC0-301F-11D3-BF4B-00C04F79EFBC}") = "EmberLib.Framing", "EmberLib.Framing\EmberLib.Framing.csproj", "{E4FD153D-6FF9-4AB4-927B-902E585BDE33}"
EndProject
Project("{FAE04EC0-301F-11D3-BF4B-00C04F79EFBC}") = "EmberLib.Glow", "EmberLib.Glow\EmberLib.Glow.csproj", "{71EF1E5C-4CA1-4C44-A091-0CA9F7609DAC}"
EndProject
Project("{FAE04EC0-301F-11D3-BF4B-00C04F79EFBC}") = "Portable.EmberLib", "EmberLib.Portable\EmberLib\Portable.EmberLib.csproj", "{5858F550-8EE0-4C64-B445-C12DD705D669}"
EndProject
Project("{FAE04EC0-301F-11D3-BF4B-00C04F79EFBC}") = "Portable.EmberLib.Framing", "EmberLib.Portable\EmberLib.Framing\Portable.EmberLib.Framing.csproj", "{2E4260AD-3A72-41C0-A6B2-0D182F994D88}"
EndProject
Project("{FAE04EC0-301F-11D3-BF4B-00C04F79EFBC}") = "Portable.EmberLib.Glow", "EmberLib.Portable\EmberLib.Glow\Portable.EmberLib.Glow.csproj", "{B3ACACA4-6929-45AF-BA73-975487F81BCE}"
EndProject
Project("{F2A71F9B-5D33-465A-A702-920D77279786}") = "Portable.EmberLib.Glow.Formula", "EmberLib.Portable\EmberLib.Glow.Formula\Portable.EmberLib.Glow.Formula.fsproj", "{C1620D4B-A538-4EFD-8C04-5C4EB5B2050B}"
EndProject
Project("{FAE04EC0-301F-11D3-BF4B-00C04F79EFBC}") = "Portable.EmberLib.Legacy.Extensions", "EmberLib.Portable\EmberLib.Legacy.Extensions\Portable.EmberLib.Legacy.Extensions.csproj", "{D1670806-3EC9-4754-9FB1-96F708683F48}"
EndProject
Project("{F2A71F9B-5D33-465A-A702-920D77279786}") = "FSharp.PowerPack.PCL", "EmberLib.Portable\FSharp.PowerPack.PCL\FSharp.PowerPack.PCL.fsproj", "{3BEB9CCD-64F0-4932-A1B3-8EE89A0DF785}"
EndProject
Project("{F2A71F9B-5D33-465A-A702-920D77279786}") = "EmberLib.Glow.Formula.VS2012", "EmberLib.Glow.Formula\EmberLib.Glow.Formula.VS2012.fsproj", "{CBED2DB9-7CCF-441F-A093-B8E45E71C95B}"
EndProject
Project("{FAE04EC0-301F-11D3-BF4B-00C04F79EFBC}") = "EmberLib.Glow.PowerPack", "EmberLib.Glow.PowerPack\EmberLib.Glow.PowerPack.csproj", "{038C790D-A88D-431C-9E38-A3E9DA81B65C}"
EndProject
Project("{FAE04EC0-301F-11D3-BF4B-00C04F79EFBC}") = "EmberLib.Legacy.Extensions", "EmberLib.Legacy.Extensions\EmberLib.Legacy.Extensions.csproj", "{90C4D947-6E37-413B-B226-BCCB8101BCF1}"
EndProject
Project("{FAE04EC0-301F-11D3-BF4B-00C04F79EFBC}") = "EmberTest.NET", "EmberTest.NET\EmberTest.NET.csproj", "{16BB78F5-B638-48B8-9E7B-59D59BFC69FF}"
EndProject
Project("{2150E333-8FDC-42A3-9474-1A3956D46DE8}") = "Library", "Library", "{F3CA3224-E84A-4299-A05D-7F99592F523C}"
EndProject
Project("{2150E333-8FDC-42A3-9474-1A3956D46DE8}") = "Samples", "Samples", "{4E7CB06F-2687-4A55-9379-E69B81A245B0}"
EndProject
Project("{FAE04EC0-301F-11D3-BF4B-00C04F79EFBC}") = "EmberPlusWalk", "EmberPlusWalk\EmberPlusWalk.csproj", "{7F997B1C-CEC6-4CE8-8FD5-9D11B233B6EE}"
EndProject
Project("{FAE04EC0-301F-11D3-BF4B-00C04F79EFBC}") = "EmberPlusProxy", "EmberPlusProxy\EmberPlusProxy.csproj", "{6BB8BDFD-11FA-49E9-96E1-10B3D5CD949B}"
EndProject
Project("{FAE04EC0-301F-11D3-BF4B-00C04F79EFBC}") = "EmberPlusRegistryProvider", "EmberPlusRegistryProvider\EmberPlusRegistryProvider.csproj", "{211CF010-0DE8-4BED-80E2-2E7433F2CBC0}"
EndProject
Project("{FAE04EC0-301F-11D3-BF4B-00C04F79EFBC}") = "EmberPlusRouter", "EmberPlusRouter\EmberPlusRouter.csproj", "{4B2DEB0C-119F-4CD6-9F7D-112CDA209840}"
EndProject
Project("{FAE04EC0-301F-11D3-BF4B-00C04F79EFBC}") = "EmberPlusSimpleProvider", "EmberPlusSimpleProvider\EmberPlusSimpleProvider.csproj", "{690E8E50-A7AD-49B4-957F-9B58E1EFC976}"
EndProject
Project("{2150E333-8FDC-42A3-9474-1A3956D46DE8}") = "Library", "Library", "{050A5BDD-4E8E-433A-BF92-C1A5E3BC9682}"
EndProject
Project("{2150E333-8FDC-42A3-9474-1A3956D46DE8}") = "3rdParty", "3rdParty", "{6F1A74C3-41E5-4780-845F-DF6510DC7A72}"
EndProject
Project("{2150E333-8FDC-42A3-9474-1A3956D46DE8}") = "Additional Files", "Additional Files", "{D0C64E80-086C-4888-BDF8-A7A46E37053E}"
	ProjectSection(SolutionItems) = preProject
		CopyToSvn.fsx = CopyToSvn.fsx
		License.html = License.html
	EndProjectSection
EndProject
Project("{2150E333-8FDC-42A3-9474-1A3956D46DE8}") = "FSharp.Core.PCL", "FSharp.Core.PCL", "{6B2FBF6B-FD8B-41CD-9CF5-8BC6ACA40875}"
	ProjectSection(SolutionItems) = preProject
		EmberLib.Portable\FSharp.Core.PCL\FSharp.Core.dll = EmberLib.Portable\FSharp.Core.PCL\FSharp.Core.dll
		EmberLib.Portable\FSharp.Core.PCL\FSharp.Core.optdata = EmberLib.Portable\FSharp.Core.PCL\FSharp.Core.optdata
		EmberLib.Portable\FSharp.Core.PCL\FSharp.Core.sigdata = EmberLib.Portable\FSharp.Core.PCL\FSharp.Core.sigdata
		EmberLib.Portable\FSharp.Core.PCL\FSharp.Core.xml = EmberLib.Portable\FSharp.Core.PCL\FSharp.Core.xml
	EndProjectSection
EndProject
Project("{FAE04EC0-301F-11D3-BF4B-00C04F79EFBC}") = "Portable.BerLib", "EmberLib.Portable\BerLib\Portable.BerLib.csproj", "{9521A12E-517D-4F8E-9BC3-74DC4666D69C}"
EndProject
Project("{FAE04EC0-301F-11D3-BF4B-00C04F79EFBC}") = "Portable.EmberTest.NET", "EmberLib.Portable\EmberTest.NET\Portable.EmberTest.NET.csproj", "{0AC4C2F8-1BC8-4B82-A28A-1FD07FAA3112}"
EndProject
Project("{2150E333-8FDC-42A3-9474-1A3956D46DE8}") = "Samples", "Samples", "{82AC51EA-95B9-4039-84D7-3F8F89DC64FD}"
EndProject
Project("{FAE04EC0-301F-11D3-BF4B-00C04F79EFBC}") = "SilverlightEmber", "EmberLib.Portable\SilverlightEmber\SilverlightEmber.csproj", "{FBF546E7-8775-4F21-AAF5-2BA0FC9F71CD}"
EndProject
Global
	GlobalSection(SolutionConfigurationPlatforms) = preSolution
		Debug|Any CPU = Debug|Any CPU
		Debug|x64 = Debug|x64
		Debug|x86 = Debug|x86
		Release|Any CPU = Release|Any CPU
		Release|x64 = Release|x64
		Release|x86 = Release|x86
	EndGlobalSection
	GlobalSection(ProjectConfigurationPlatforms) = postSolution
		{5FC199CE-DA11-4D54-B52D-B9CEC1E3FF8E}.Debug|Any CPU.ActiveCfg = Debug|Any CPU
		{5FC199CE-DA11-4D54-B52D-B9CEC1E3FF8E}.Debug|Any CPU.Build.0 = Debug|Any CPU
		{5FC199CE-DA11-4D54-B52D-B9CEC1E3FF8E}.Debug|x64.ActiveCfg = Debug|x64
		{5FC199CE-DA11-4D54-B52D-B9CEC1E3FF8E}.Debug|x64.Build.0 = Debug|x64
		{5FC199CE-DA11-4D54-B52D-B9CEC1E3FF8E}.Debug|x86.ActiveCfg = Debug|x86
		{5FC199CE-DA11-4D54-B52D-B9CEC1E3FF8E}.Debug|x86.Build.0 = Debug|x86
		{5FC199CE-DA11-4D54-B52D-B9CEC1E3FF8E}.Release|Any CPU.ActiveCfg = Release|Any CPU
		{5FC199CE-DA11-4D54-B52D-B9CEC1E3FF8E}.Release|Any CPU.Build.0 = Release|Any CPU
		{5FC199CE-DA11-4D54-B52D-B9CEC1E3FF8E}.Release|x64.ActiveCfg = Release|x64
		{5FC199CE-DA11-4D54-B52D-B9CEC1E3FF8E}.Release|x64.Build.0 = Release|x64
		{5FC199CE-DA11-4D54-B52D-B9CEC1E3FF8E}.Release|x86.ActiveCfg = Release|x86
		{5FC199CE-DA11-4D54-B52D-B9CEC1E3FF8E}.Release|x86.Build.0 = Release|x86
		{535D5B87-6DB7-41EB-A4EC-37A56C6352FB}.Debug|Any CPU.ActiveCfg = Debug|Any CPU
		{535D5B87-6DB7-41EB-A4EC-37A56C6352FB}.Debug|Any CPU.Build.0 = Debug|Any CPU
		{535D5B87-6DB7-41EB-A4EC-37A56C6352FB}.Debug|x64.ActiveCfg = Debug|x64
		{535D5B87-6DB7-41EB-A4EC-37A56C6352FB}.Debug|x64.Build.0 = Debug|x64
		{535D5B87-6DB7-41EB-A4EC-37A56C6352FB}.Debug|x86.ActiveCfg = Debug|x86
		{535D5B87-6DB7-41EB-A4EC-37A56C6352FB}.Debug|x86.Build.0 = Debug|x86
		{535D5B87-6DB7-41EB-A4EC-37A56C6352FB}.Release|Any CPU.ActiveCfg = Release|Any CPU
		{535D5B87-6DB7-41EB-A4EC-37A56C6352FB}.Release|Any CPU.Build.0 = Release|Any CPU
		{535D5B87-6DB7-41EB-A4EC-37A56C6352FB}.Release|x64.ActiveCfg = Release|x64
		{535D5B87-6DB7-41EB-A4EC-37A56C6352FB}.Release|x64.Build.0 = Release|x64
		{535D5B87-6DB7-41EB-A4EC-37A56C6352FB}.Release|x86.ActiveCfg = Release|x86
		{535D5B87-6DB7-41EB-A4EC-37A56C6352FB}.Release|x86.Build.0 = Release|x86
		{E4FD153D-6FF9-4AB4-927B-902E585BDE33}.Debug|Any CPU.ActiveCfg = Debug|Any CPU
		{E4FD153D-6FF9-4AB4-927B-902E585BDE33}.Debug|Any CPU.Build.0 = Debug|Any CPU
		{E4FD153D-6FF9-4AB4-927B-902E585BDE33}.Debug|x64.ActiveCfg = Debug|x64
		{E4FD153D-6FF9-4AB4-927B-902E585BDE33}.Debug|x64.Build.0 = Debug|x64
		{E4FD153D-6FF9-4AB4-927B-902E585BDE33}.Debug|x86.ActiveCfg = Debug|x86
		{E4FD153D-6FF9-4AB4-927B-902E585BDE33}.Debug|x86.Build.0 = Debug|x86
		{E4FD153D-6FF9-4AB4-927B-902E585BDE33}.Release|Any CPU.ActiveCfg = Release|Any CPU
		{E4FD153D-6FF9-4AB4-927B-902E585BDE33}.Release|Any CPU.Build.0 = Release|Any CPU
		{E4FD153D-6FF9-4AB4-927B-902E585BDE33}.Release|x64.ActiveCfg = Release|x64
		{E4FD153D-6FF9-4AB4-927B-902E585BDE33}.Release|x64.Build.0 = Release|x64
		{E4FD153D-6FF9-4AB4-927B-902E585BDE33}.Release|x86.ActiveCfg = Release|x86
		{E4FD153D-6FF9-4AB4-927B-902E585BDE33}.Release|x86.Build.0 = Release|x86
		{71EF1E5C-4CA1-4C44-A091-0CA9F7609DAC}.Debug|Any CPU.ActiveCfg = Debug|Any CPU
		{71EF1E5C-4CA1-4C44-A091-0CA9F7609DAC}.Debug|Any CPU.Build.0 = Debug|Any CPU
		{71EF1E5C-4CA1-4C44-A091-0CA9F7609DAC}.Debug|x64.ActiveCfg = Debug|x64
		{71EF1E5C-4CA1-4C44-A091-0CA9F7609DAC}.Debug|x64.Build.0 = Debug|x64
		{71EF1E5C-4CA1-4C44-A091-0CA9F7609DAC}.Debug|x86.ActiveCfg = Debug|x86
		{71EF1E5C-4CA1-4C44-A091-0CA9F7609DAC}.Debug|x86.Build.0 = Debug|x86
		{71EF1E5C-4CA1-4C44-A091-0CA9F7609DAC}.Release|Any CPU.ActiveCfg = Release|Any CPU
		{71EF1E5C-4CA1-4C44-A091-0CA9F7609DAC}.Release|Any CPU.Build.0 = Release|Any CPU
		{71EF1E5C-4CA1-4C44-A091-0CA9F7609DAC}.Release|x64.ActiveCfg = Release|x64
		{71EF1E5C-4CA1-4C44-A091-0CA9F7609DAC}.Release|x64.Build.0 = Release|x64
		{71EF1E5C-4CA1-4C44-A091-0CA9F7609DAC}.Release|x86.ActiveCfg = Release|x86
		{71EF1E5C-4CA1-4C44-A091-0CA9F7609DAC}.Release|x86.Build.0 = Release|x86
		{5858F550-8EE0-4C64-B445-C12DD705D669}.Debug|Any CPU.ActiveCfg = Debug|Any CPU
		{5858F550-8EE0-4C64-B445-C12DD705D669}.Debug|Any CPU.Build.0 = Debug|Any CPU
		{5858F550-8EE0-4C64-B445-C12DD705D669}.Debug|x64.ActiveCfg = Debug|Any CPU
		{5858F550-8EE0-4C64-B445-C12DD705D669}.Debug|x86.ActiveCfg = Debug|Any CPU
		{5858F550-8EE0-4C64-B445-C12DD705D669}.Release|Any CPU.ActiveCfg = Release|Any CPU
		{5858F550-8EE0-4C64-B445-C12DD705D669}.Release|Any CPU.Build.0 = Release|Any CPU
		{5858F550-8EE0-4C64-B445-C12DD705D669}.Release|x64.ActiveCfg = Release|Any CPU
		{5858F550-8EE0-4C64-B445-C12DD705D669}.Release|x86.ActiveCfg = Release|Any CPU
		{2E4260AD-3A72-41C0-A6B2-0D182F994D88}.Debug|Any CPU.ActiveCfg = Debug|Any CPU
		{2E4260AD-3A72-41C0-A6B2-0D182F994D88}.Debug|Any CPU.Build.0 = Debug|Any CPU
		{2E4260AD-3A72-41C0-A6B2-0D182F994D88}.Debug|x64.ActiveCfg = Debug|Any CPU
		{2E4260AD-3A72-41C0-A6B2-0D182F994D88}.Debug|x86.ActiveCfg = Debug|Any CPU
		{2E4260AD-3A72-41C0-A6B2-0D182F994D88}.Release|Any CPU.ActiveCfg = Release|Any CPU
		{2E4260AD-3A72-41C0-A6B2-0D182F994D88}.Release|Any CPU.Build.0 = Release|Any CPU
		{2E4260AD-3A72-41C0-A6B2-0D182F994D88}.Release|x64.ActiveCfg = Release|Any CPU
		{2E4260AD-3A72-41C0-A6B2-0D182F994D88}.Release|x86.ActiveCfg = Release|Any CPU
		{B3ACACA4-6929-45AF-BA73-975487F81BCE}.Debug|Any CPU.ActiveCfg = Debug|Any CPU
		{B3ACACA4-6929-45AF-BA73-975487F81BCE}.Debug|Any CPU.Build.0 = Debug|Any CPU
		{B3ACACA4-6929-45AF-BA73-975487F81BCE}.Debug|x64.ActiveCfg = Debug|Any CPU
		{B3ACACA4-6929-45AF-BA73-975487F81BCE}.Debug|x86.ActiveCfg = Debug|Any CPU
		{B3ACACA4-6929-45AF-BA73-975487F81BCE}.Release|Any CPU.ActiveCfg = Release|Any CPU
		{B3ACACA4-6929-45AF-BA73-975487F81BCE}.Release|Any CPU.Build.0 = Release|Any CPU
		{B3ACACA4-6929-45AF-BA73-975487F81BCE}.Release|x64.ActiveCfg = Release|Any CPU
		{B3ACACA4-6929-45AF-BA73-975487F81BCE}.Release|x86.ActiveCfg = Release|Any CPU
		{C1620D4B-A538-4EFD-8C04-5C4EB5B2050B}.Debug|Any CPU.ActiveCfg = Debug|Any CPU
		{C1620D4B-A538-4EFD-8C04-5C4EB5B2050B}.Debug|Any CPU.Build.0 = Debug|Any CPU
		{C1620D4B-A538-4EFD-8C04-5C4EB5B2050B}.Debug|x64.ActiveCfg = Debug|Any CPU
		{C1620D4B-A538-4EFD-8C04-5C4EB5B2050B}.Debug|x86.ActiveCfg = Debug|Any CPU
		{C1620D4B-A538-4EFD-8C04-5C4EB5B2050B}.Release|Any CPU.ActiveCfg = Release|Any CPU
		{C1620D4B-A538-4EFD-8C04-5C4EB5B2050B}.Release|Any CPU.Build.0 = Release|Any CPU
		{C1620D4B-A538-4EFD-8C04-5C4EB5B2050B}.Release|x64.ActiveCfg = Release|Any CPU
		{C1620D4B-A538-4EFD-8C04-5C4EB5B2050B}.Release|x86.ActiveCfg = Release|Any CPU
		{D1670806-3EC9-4754-9FB1-96F708683F48}.Debug|Any CPU.ActiveCfg = Debug|Any CPU
		{D1670806-3EC9-4754-9FB1-96F708683F48}.Debug|Any CPU.Build.0 = Debug|Any CPU
		{D1670806-3EC9-4754-9FB1-96F708683F48}.Debug|x64.ActiveCfg = Debug|Any CPU
		{D1670806-3EC9-4754-9FB1-96F708683F48}.Debug|x86.ActiveCfg = Debug|Any CPU
		{D1670806-3EC9-4754-9FB1-96F708683F48}.Release|Any CPU.ActiveCfg = Release|Any CPU
		{D1670806-3EC9-4754-9FB1-96F708683F48}.Release|Any CPU.Build.0 = Release|Any CPU
		{D1670806-3EC9-4754-9FB1-96F708683F48}.Release|x64.ActiveCfg = Release|Any CPU
		{D1670806-3EC9-4754-9FB1-96F708683F48}.Release|x86.ActiveCfg = Release|Any CPU
		{3BEB9CCD-64F0-4932-A1B3-8EE89A0DF785}.Debug|Any CPU.ActiveCfg = Debug|Any CPU
		{3BEB9CCD-64F0-4932-A1B3-8EE89A0DF785}.Debug|Any CPU.Build.0 = Debug|Any CPU
		{3BEB9CCD-64F0-4932-A1B3-8EE89A0DF785}.Debug|x64.ActiveCfg = Debug|Any CPU
		{3BEB9CCD-64F0-4932-A1B3-8EE89A0DF785}.Debug|x86.ActiveCfg = Debug|Any CPU
		{3BEB9CCD-64F0-4932-A1B3-8EE89A0DF785}.Release|Any CPU.ActiveCfg = Release|Any CPU
		{3BEB9CCD-64F0-4932-A1B3-8EE89A0DF785}.Release|Any CPU.Build.0 = Release|Any CPU
		{3BEB9CCD-64F0-4932-A1B3-8EE89A0DF785}.Release|x64.ActiveCfg = Release|Any CPU
		{3BEB9CCD-64F0-4932-A1B3-8EE89A0DF785}.Release|x86.ActiveCfg = Release|Any CPU
		{CBED2DB9-7CCF-441F-A093-B8E45E71C95B}.Debug|Any CPU.ActiveCfg = Debug|Any CPU
		{CBED2DB9-7CCF-441F-A093-B8E45E71C95B}.Debug|Any CPU.Build.0 = Debug|Any CPU
		{CBED2DB9-7CCF-441F-A093-B8E45E71C95B}.Debug|x64.ActiveCfg = Debug|x64
		{CBED2DB9-7CCF-441F-A093-B8E45E71C95B}.Debug|x64.Build.0 = Debug|x64
		{CBED2DB9-7CCF-441F-A093-B8E45E71C95B}.Debug|x86.ActiveCfg = Debug|x86
		{CBED2DB9-7CCF-441F-A093-B8E45E71C95B}.Debug|x86.Build.0 = Debug|x86
		{CBED2DB9-7CCF-441F-A093-B8E45E71C95B}.Release|Any CPU.ActiveCfg = Release|Any CPU
		{CBED2DB9-7CCF-441F-A093-B8E45E71C95B}.Release|Any CPU.Build.0 = Release|Any CPU
		{CBED2DB9-7CCF-441F-A093-B8E45E71C95B}.Release|x64.ActiveCfg = Release|x64
		{CBED2DB9-7CCF-441F-A093-B8E45E71C95B}.Release|x64.Build.0 = Release|x64
		{CBED2DB9-7CCF-441F-A093-B8E45E71C95B}.Release|x86.ActiveCfg = Release|x86
		{CBED2DB9-7CCF-441F-A093-B8E45E71C95B}.Release|x86.Build.0 = Release|x86
		{038C790D-A88D-431C-9E38-A3E9DA81B65C}.Debug|Any CPU.ActiveCfg = Debug|Any CPU
		{038C790D-A88D-431C-9E38-A3E9DA81B65C}.Debug|Any CPU.Build.0 = Debug|Any CPU
		{038C790D-A88D-431C-9E38-A3E9DA81B65C}.Debug|x64.ActiveCfg = Debug|x64
		{038C790D-A88D-431C-9E38-A3E9DA81B65C}.Debug|x64.Build.0 = Debug|x64
		{038C790D-A88D-431C-9E38-A3E9DA81B65C}.Debug|x86.ActiveCfg = Debug|x86
		{038C790D-A88D-431C-9E38-A3E9DA81B65C}.Debug|x86.Build.0 = Debug|x86
		{038C790D-A88D-431C-9E38-A3E9DA81B65C}.Release|Any CPU.ActiveCfg = Release|Any CPU
		{038C790D-A88D-431C-9E38-A3E9DA81B65C}.Release|Any CPU.Build.0 = Release|Any CPU
		{038C790D-A88D-431C-9E38-A3E9DA81B65C}.Release|x64.ActiveCfg = Release|x64
		{038C790D-A88D-431C-9E38-A3E9DA81B65C}.Release|x64.Build.0 = Release|x64
		{038C790D-A88D-431C-9E38-A3E9DA81B65C}.Release|x86.ActiveCfg = Release|x86
		{038C790D-A88D-431C-9E38-A3E9DA81B65C}.Release|x86.Build.0 = Release|x86
		{90C4D947-6E37-413B-B226-BCCB8101BCF1}.Debug|Any CPU.ActiveCfg = Debug|Any CPU
		{90C4D947-6E37-413B-B226-BCCB8101BCF1}.Debug|Any CPU.Build.0 = Debug|Any CPU
		{90C4D947-6E37-413B-B226-BCCB8101BCF1}.Debug|x64.ActiveCfg = Debug|x64
		{90C4D947-6E37-413B-B226-BCCB8101BCF1}.Debug|x64.Build.0 = Debug|x64
		{90C4D947-6E37-413B-B226-BCCB8101BCF1}.Debug|x86.ActiveCfg = Debug|x86
		{90C4D947-6E37-413B-B226-BCCB8101BCF1}.Debug|x86.Build.0 = Debug|x86
		{90C4D947-6E37-413B-B226-BCCB8101BCF1}.Release|Any CPU.ActiveCfg = Release|Any CPU
		{90C4D947-6E37-413B-B226-BCCB8101BCF1}.Release|Any CPU.Build.0 = Release|Any CPU
		{90C4D947-6E37-413B-B226-BCCB8101BCF1}.Release|x64.ActiveCfg = Release|x64
		{90C4D947-6E37-413B-B226-BCCB8101BCF1}.Release|x64.Build.0 = Release|x64
		{90C4D947-6E37-413B-B226-BCCB8101BCF1}.Release|x86.ActiveCfg = Release|x86
		{90C4D947-6E37-413B-B226-BCCB8101BCF1}.Release|x86.Build.0 = Release|x86
		{16BB78F5-B638-48B8-9E7B-59D59BFC69FF}.Debug|Any CPU.ActiveCfg = Debug|Any CPU
		{16BB78F5-B638-48B8-9E7B-59D59BFC69FF}.Debug|Any CPU.Build.0 = Debug|Any CPU
		{16BB78F5-B638-48B8-9E7B-59D59BFC69FF}.Debug|x64.ActiveCfg = Debug|x64
		{16BB78F5-B638-48B8-9E7B-59D59BFC69FF}.Debug|x64.Build.0 = Debug|x64
		{16BB78F5-B638-48B8-9E7B-59D59BFC69FF}.Debug|x86.ActiveCfg = Debug|x86
		{16BB78F5-B638-48B8-9E7B-59D59BFC69FF}.Debug|x86.Build.0 = Debug|x86
		{16BB78F5-B638-48B8-9E7B-59D59BFC69FF}.Release|Any CPU.ActiveCfg = Release|Any CPU
		{16BB78F5-B638-48B8-9E7B-59D59BFC69FF}.Release|Any CPU.Build.0 = Release|Any CPU
		{16BB78F5-B638-48B8-9E7B-59D59BFC69FF}.Release|x64.ActiveCfg = Release|x64
		{16BB78F5-B638-48B8-9E7B-59D59BFC69FF}.Release|x64.Build.0 = Release|x64
		{16BB78F5-B638-48B8-9E7B-59D59BFC69FF}.Release|x86.ActiveCfg = Release|x86
		{16BB78F5-B638-48B8-9E7B-59D59BFC69FF}.Release|x86.Build.0 = Release|x86
		{7F997B1C-CEC6-4CE8-8FD5-9D11B233B6EE}.Debug|Any CPU.ActiveCfg = Debug|Any CPU
		{7F997B1C-CEC6-4CE8-8FD5-9D11B233B6EE}.Debug|Any CPU.Build.0 = Debug|Any CPU
		{7F997B1C-CEC6-4CE8-8FD5-9D11B233B6EE}.Debug|x64.ActiveCfg = Debug|x64
		{7F997B1C-CEC6-4CE8-8FD5-9D11B233B6EE}.Debug|x64.Build.0 = Debug|x64
		{7F997B1C-CEC6-4CE8-8FD5-9D11B233B6EE}.Debug|x86.ActiveCfg = Debug|x86
		{7F997B1C-CEC6-4CE8-8FD5-9D11B233B6EE}.Debug|x86.Build.0 = Debug|x86
		{7F997B1C-CEC6-4CE8-8FD5-9D11B233B6EE}.Release|Any CPU.ActiveCfg = Release|Any CPU
		{7F997B1C-CEC6-4CE8-8FD5-9D11B233B6EE}.Release|Any CPU.Build.0 = Release|Any CPU
		{7F997B1C-CEC6-4CE8-8FD5-9D11B233B6EE}.Release|x64.ActiveCfg = Release|x64
		{7F997B1C-CEC6-4CE8-8FD5-9D11B233B6EE}.Release|x64.Build.0 = Release|x64
		{7F997B1C-CEC6-4CE8-8FD5-9D11B233B6EE}.Release|x86.ActiveCfg = Release|x86
		{7F997B1C-CEC6-4CE8-8FD5-9D11B233B6EE}.Release|x86.Build.0 = Release|x86
		{6BB8BDFD-11FA-49E9-96E1-10B3D5CD949B}.Debug|Any CPU.ActiveCfg = Debug|Any CPU
		{6BB8BDFD-11FA-49E9-96E1-10B3D5CD949B}.Debug|Any CPU.Build.0 = Debug|Any CPU
		{6BB8BDFD-11FA-49E9-96E1-10B3D5CD949B}.Debug|x64.ActiveCfg = Debug|x64
		{6BB8BDFD-11FA-49E9-96E1-10B3D5CD949B}.Debug|x64.Build.0 = Debug|x64
		{6BB8BDFD-11FA-49E9-96E1-10B3D5CD949B}.Debug|x86.ActiveCfg = Debug|x86
		{6BB8BDFD-11FA-49E9-96E1-10B3D5CD949B}.Debug|x86.Build.0 = Debug|x86
		{6BB8BDFD-11FA-49E9-96E1-10B3D5CD949B}.Release|Any CPU.ActiveCfg = Release|Any CPU
		{6BB8BDFD-11FA-49E9-96E1-10B3D5CD949B}.Release|Any CPU.Build.0 = Release|Any CPU
		{6BB8BDFD-11FA-49E9-96E1-10B3D5CD949B}.Release|x64.ActiveCfg = Release|x64
		{6BB8BDFD-11FA-49E9-96E1-10B3D5CD949B}.Release|x64.Build.0 = Release|x64
		{6BB8BDFD-11FA-49E9-96E1-10B3D5CD949B}.Release|x86.ActiveCfg = Release|x86
		{6BB8BDFD-11FA-49E9-96E1-10B3D5CD949B}.Release|x86.Build.0 = Release|x86
		{211CF010-0DE8-4BED-80E2-2E7433F2CBC0}.Debug|Any CPU.ActiveCfg = Debug|Any CPU
		{211CF010-0DE8-4BED-80E2-2E7433F2CBC0}.Debug|Any CPU.Build.0 = Debug|Any CPU
		{211CF010-0DE8-4BED-80E2-2E7433F2CBC0}.Debug|x64.ActiveCfg = Debug|x64
		{211CF010-0DE8-4BED-80E2-2E7433F2CBC0}.Debug|x64.Build.0 = Debug|x64
		{211CF010-0DE8-4BED-80E2-2E7433F2CBC0}.Debug|x86.ActiveCfg = Debug|x86
		{211CF010-0DE8-4BED-80E2-2E7433F2CBC0}.Debug|x86.Build.0 = Debug|x86
		{211CF010-0DE8-4BED-80E2-2E7433F2CBC0}.Release|Any CPU.ActiveCfg = Release|Any CPU
		{211CF010-0DE8-4BED-80E2-2E7433F2CBC0}.Release|Any CPU.Build.0 = Release|Any CPU
		{211CF010-0DE8-4BED-80E2-2E7433F2CBC0}.Release|x64.ActiveCfg = Release|x64
		{211CF010-0DE8-4BED-80E2-2E7433F2CBC0}.Release|x64.Build.0 = Release|x64
		{211CF010-0DE8-4BED-80E2-2E7433F2CBC0}.Release|x86.ActiveCfg = Release|x86
		{211CF010-0DE8-4BED-80E2-2E7433F2CBC0}.Release|x86.Build.0 = Release|x86
		{4B2DEB0C-119F-4CD6-9F7D-112CDA209840}.Debug|Any CPU.ActiveCfg = Debug|Any CPU
		{4B2DEB0C-119F-4CD6-9F7D-112CDA209840}.Debug|Any CPU.Build.0 = Debug|Any CPU
		{4B2DEB0C-119F-4CD6-9F7D-112CDA209840}.Debug|x64.ActiveCfg = Debug|x64
		{4B2DEB0C-119F-4CD6-9F7D-112CDA209840}.Debug|x64.Build.0 = Debug|x64
		{4B2DEB0C-119F-4CD6-9F7D-112CDA209840}.Debug|x86.ActiveCfg = Debug|x86
		{4B2DEB0C-119F-4CD6-9F7D-112CDA209840}.Debug|x86.Build.0 = Debug|x86
		{4B2DEB0C-119F-4CD6-9F7D-112CDA209840}.Release|Any CPU.ActiveCfg = Release|Any CPU
		{4B2DEB0C-119F-4CD6-9F7D-112CDA209840}.Release|Any CPU.Build.0 = Release|Any CPU
		{4B2DEB0C-119F-4CD6-9F7D-112CDA209840}.Release|x64.ActiveCfg = Release|x64
		{4B2DEB0C-119F-4CD6-9F7D-112CDA209840}.Release|x64.Build.0 = Release|x64
		{4B2DEB0C-119F-4CD6-9F7D-112CDA209840}.Release|x86.ActiveCfg = Release|x86
		{4B2DEB0C-119F-4CD6-9F7D-112CDA209840}.Release|x86.Build.0 = Release|x86
		{690E8E50-A7AD-49B4-957F-9B58E1EFC976}.Debug|Any CPU.ActiveCfg = Debug|Any CPU
		{690E8E50-A7AD-49B4-957F-9B58E1EFC976}.Debug|Any CPU.Build.0 = Debug|Any CPU
		{690E8E50-A7AD-49B4-957F-9B58E1EFC976}.Debug|x64.ActiveCfg = Debug|x64
		{690E8E50-A7AD-49B4-957F-9B58E1EFC976}.Debug|x64.Build.0 = Debug|x64
		{690E8E50-A7AD-49B4-957F-9B58E1EFC976}.Debug|x86.ActiveCfg = Debug|x86
		{690E8E50-A7AD-49B4-957F-9B58E1EFC976}.Debug|x86.Build.0 = Debug|x86
		{690E8E50-A7AD-49B4-957F-9B58E1EFC976}.Release|Any CPU.ActiveCfg = Release|Any CPU
		{690E8E50-A7AD-49B4-957F-9B58E1EFC976}.Release|Any CPU.Build.0 = Release|Any CPU
		{690E8E50-A7AD-49B4-957F-9B58E1EFC976}.Release|x64.ActiveCfg = Release|x64
		{690E8E50-A7AD-49B4-957F-9B58E1EFC976}.Release|x64.Build.0 = Release|x64
		{690E8E50-A7AD-49B4-957F-9B58E1EFC976}.Release|x86.ActiveCfg = Release|x86
		{690E8E50-A7AD-49B4-957F-9B58E1EFC976}.Release|x86.Build.0 = Release|x86
		{9521A12E-517D-4F8E-9BC3-74DC4666D69C}.Debug|Any CPU.ActiveCfg = Debug|Any CPU
		{9521A12E-517D-4F8E-9BC3-74DC4666D69C}.Debug|Any CPU.Build.0 = Debug|Any CPU
		{9521A12E-517D-4F8E-9BC3-74DC4666D69C}.Debug|x64.ActiveCfg = Debug|Any CPU
		{9521A12E-517D-4F8E-9BC3-74DC4666D69C}.Debug|x86.ActiveCfg = Debug|Any CPU
		{9521A12E-517D-4F8E-9BC3-74DC4666D69C}.Release|Any CPU.ActiveCfg = Release|Any CPU
		{9521A12E-517D-4F8E-9BC3-74DC4666D69C}.Release|Any CPU.Build.0 = Release|Any CPU
		{9521A12E-517D-4F8E-9BC3-74DC4666D69C}.Release|x64.ActiveCfg = Release|Any CPU
		{9521A12E-517D-4F8E-9BC3-74DC4666D69C}.Release|x86.ActiveCfg = Release|Any CPU
		{0AC4C2F8-1BC8-4B82-A28A-1FD07FAA3112}.Debug|Any CPU.ActiveCfg = Debug|Any CPU
		{0AC4C2F8-1BC8-4B82-A28A-1FD07FAA3112}.Debug|Any CPU.Build.0 = Debug|Any CPU
		{0AC4C2F8-1BC8-4B82-A28A-1FD07FAA3112}.Debug|x64.ActiveCfg = Debug|Any CPU
		{0AC4C2F8-1BC8-4B82-A28A-1FD07FAA3112}.Debug|x86.ActiveCfg = Debug|Any CPU
		{0AC4C2F8-1BC8-4B82-A28A-1FD07FAA3112}.Release|Any CPU.ActiveCfg = Release|Any CPU
		{0AC4C2F8-1BC8-4B82-A28A-1FD07FAA3112}.Release|Any CPU.Build.0 = Release|Any CPU
		{0AC4C2F8-1BC8-4B82-A28A-1FD07FAA3112}.Release|x64.ActiveCfg = Release|Any CPU
		{0AC4C2F8-1BC8-4B82-A28A-1FD07FAA3112}.Release|x86.ActiveCfg = Release|Any CPU
		{FBF546E7-8775-4F21-AAF5-2BA0FC9F71CD}.Debug|Any CPU.ActiveCfg = Debug|Any CPU
		{FBF546E7-8775-4F21-AAF5-2BA0FC9F71CD}.Debug|Any CPU.Build.0 = Debug|Any CPU
		{FBF546E7-8775-4F21-AAF5-2BA0FC9F71CD}.Debug|x64.ActiveCfg = Debug|Any CPU
		{FBF546E7-8775-4F21-AAF5-2BA0FC9F71CD}.Debug|x86.ActiveCfg = Debug|Any CPU
		{FBF546E7-8775-4F21-AAF5-2BA0FC9F71CD}.Release|Any CPU.ActiveCfg = Release|Any CPU
		{FBF546E7-8775-4F21-AAF5-2BA0FC9F71CD}.Release|Any CPU.Build.0 = Release|Any CPU
		{FBF546E7-8775-4F21-AAF5-2BA0FC9F71CD}.Release|x64.ActiveCfg = Release|Any CPU
		{FBF546E7-8775-4F21-AAF5-2BA0FC9F71CD}.Release|x86.ActiveCfg = Release|Any CPU
	EndGlobalSection
	GlobalSection(SolutionProperties) = preSolution
		HideSolutionNode = FALSE
	EndGlobalSection
	GlobalSection(NestedProjects) = preSolution
		{F3CA3224-E84A-4299-A05D-7F99592F523C} = {0969957A-D069-4CB0-8DB4-95A33A6DBD2D}
		{16BB78F5-B638-48B8-9E7B-59D59BFC69FF} = {0969957A-D069-4CB0-8DB4-95A33A6DBD2D}
		{4E7CB06F-2687-4A55-9379-E69B81A245B0} = {0969957A-D069-4CB0-8DB4-95A33A6DBD2D}
		{050A5BDD-4E8E-433A-BF92-C1A5E3BC9682} = {CF1FE32E-CB52-46F3-A730-2417975803E9}
		{0AC4C2F8-1BC8-4B82-A28A-1FD07FAA3112} = {CF1FE32E-CB52-46F3-A730-2417975803E9}
		{82AC51EA-95B9-4039-84D7-3F8F89DC64FD} = {CF1FE32E-CB52-46F3-A730-2417975803E9}
		{535D5B87-6DB7-41EB-A4EC-37A56C6352FB} = {F3CA3224-E84A-4299-A05D-7F99592F523C}
		{E4FD153D-6FF9-4AB4-927B-902E585BDE33} = {F3CA3224-E84A-4299-A05D-7F99592F523C}
		{71EF1E5C-4CA1-4C44-A091-0CA9F7609DAC} = {F3CA3224-E84A-4299-A05D-7F99592F523C}
		{CBED2DB9-7CCF-441F-A093-B8E45E71C95B} = {F3CA3224-E84A-4299-A05D-7F99592F523C}
		{038C790D-A88D-431C-9E38-A3E9DA81B65C} = {F3CA3224-E84A-4299-A05D-7F99592F523C}
		{90C4D947-6E37-413B-B226-BCCB8101BCF1} = {F3CA3224-E84A-4299-A05D-7F99592F523C}
		{5FC199CE-DA11-4D54-B52D-B9CEC1E3FF8E} = {F3CA3224-E84A-4299-A05D-7F99592F523C}
		{2E4260AD-3A72-41C0-A6B2-0D182F994D88} = {050A5BDD-4E8E-433A-BF92-C1A5E3BC9682}
		{B3ACACA4-6929-45AF-BA73-975487F81BCE} = {050A5BDD-4E8E-433A-BF92-C1A5E3BC9682}
		{C1620D4B-A538-4EFD-8C04-5C4EB5B2050B} = {050A5BDD-4E8E-433A-BF92-C1A5E3BC9682}
		{D1670806-3EC9-4754-9FB1-96F708683F48} = {050A5BDD-4E8E-433A-BF92-C1A5E3BC9682}
		{6F1A74C3-41E5-4780-845F-DF6510DC7A72} = {050A5BDD-4E8E-433A-BF92-C1A5E3BC9682}
		{5858F550-8EE0-4C64-B445-C12DD705D669} = {050A5BDD-4E8E-433A-BF92-C1A5E3BC9682}
		{9521A12E-517D-4F8E-9BC3-74DC4666D69C} = {050A5BDD-4E8E-433A-BF92-C1A5E3BC9682}
		{3BEB9CCD-64F0-4932-A1B3-8EE89A0DF785} = {6F1A74C3-41E5-4780-845F-DF6510DC7A72}
		{6B2FBF6B-FD8B-41CD-9CF5-8BC6ACA40875} = {6F1A74C3-41E5-4780-845F-DF6510DC7A72}
		{7F997B1C-CEC6-4CE8-8FD5-9D11B233B6EE} = {4E7CB06F-2687-4A55-9379-E69B81A245B0}
		{6BB8BDFD-11FA-49E9-96E1-10B3D5CD949B} = {4E7CB06F-2687-4A55-9379-E69B81A245B0}
		{211CF010-0DE8-4BED-80E2-2E7433F2CBC0} = {4E7CB06F-2687-4A55-9379-E69B81A245B0}
		{4B2DEB0C-119F-4CD6-9F7D-112CDA209840} = {4E7CB06F-2687-4A55-9379-E69B81A245B0}
		{690E8E50-A7AD-49B4-957F-9B58E1EFC976} = {4E7CB06F-2687-4A55-9379-E69B81A245B0}
		{FBF546E7-8775-4F21-AAF5-2BA0FC9F71CD} = {82AC51EA-95B9-4039-84D7-3F8F89DC64FD}
	EndGlobalSection
EndGlobal
