<?xml version="1.0" encoding="utf-8"?>
<Project ToolsVersion="4.0" xmlns="http://schemas.microsoft.com/developer/msbuild/2003">
  <ItemGroup>
    <Filter Include="Source Files">
      <UniqueIdentifier>{4FC737F1-C7A5-4376-A066-2A32D752A2FF}</UniqueIdentifier>
      <Extensions>cpp;cxx;c;def</Extensions>
    </Filter>
    <Filter Include="Generated Files">
      <UniqueIdentifier>{71ED8ED8-ACB9-4CE9-BBE1-E00B30144E11}</UniqueIdentifier>
      <Extensions>moc;h;cpp</Extensions>
      <SourceControlFiles>False</SourceControlFiles>
    </Filter>
    <Filter Include="Generated Files\Debug">
      <UniqueIdentifier>{5f8b626a-5b06-4304-beef-9e072053417a}</UniqueIdentifier>
      <Extensions>cpp;moc</Extensions>
      <SourceControlFiles>False</SourceControlFiles>
    </Filter>
    <Filter Include="Generated Files\Release">
      <UniqueIdentifier>{7d3b2d16-fb09-48c2-9bd5-08b75f1f15ec}</UniqueIdentifier>
      <Extensions>cpp;moc</Extensions>
      <SourceControlFiles>False</SourceControlFiles>
    </Filter>
    <Filter Include="Source Files\net">
      <UniqueIdentifier>{741db1c8-47b0-4dc1-8e8a-d1a8d856b24a}</UniqueIdentifier>
    </Filter>
    <Filter Include="Source Files\glow">
      <UniqueIdentifier>{d8737340-1829-40ae-b307-cde47d0640ad}</UniqueIdentifier>
    </Filter>
    <Filter Include="Source Files\model">
      <UniqueIdentifier>{247c35e8-6543-4cf0-9fc0-1e5d13f83fa3}</UniqueIdentifier>
    </Filter>
    <Filter Include="Source Files\util">
      <UniqueIdentifier>{1ff2dff1-485b-4d5b-92c2-0a63dc032d94}</UniqueIdentifier>
    </Filter>
    <Filter Include="Source Files\model\matrix">
      <UniqueIdentifier>{09a4bc77-ff0f-4d92-b28e-62e7017435a9}</UniqueIdentifier>
    </Filter>
    <Filter Include="Source Files\model\matrix\detail">
      <UniqueIdentifier>{487f3c35-e8a6-40c6-b327-ba29717ad983}</UniqueIdentifier>
    </Filter>
  </ItemGroup>
  <ItemGroup>
    <ClCompile Include="main.cpp">
      <Filter>Source Files</Filter>
    </ClCompile>
    <ClCompile Include=".\net\TcpClient.cpp">
      <Filter>Source Files\net</Filter>
    </ClCompile>
    <ClCompile Include="GeneratedFiles\Debug\moc_TcpClient.cpp">
      <Filter>Generated Files\Debug</Filter>
    </ClCompile>
    <ClCompile Include="GeneratedFiles\Release\moc_TcpClient.cpp">
      <Filter>Generated Files\Release</Filter>
    </ClCompile>
    <ClCompile Include=".\net\TcpServer.cpp">
      <Filter>Source Files\net</Filter>
    </ClCompile>
    <ClCompile Include="GeneratedFiles\Debug\moc_TcpServer.cpp">
      <Filter>Generated Files\Debug</Filter>
    </ClCompile>
    <ClCompile Include="GeneratedFiles\Release\moc_TcpServer.cpp">
      <Filter>Generated Files\Release</Filter>
    </ClCompile>
    <ClCompile Include=".\glow\Consumer.cpp">
      <Filter>Source Files\glow</Filter>
    </ClCompile>
    <ClCompile Include=".\glow\Dispatcher.cpp">
      <Filter>Source Files\glow</Filter>
    </ClCompile>
    <ClCompile Include="model\Element.cpp">
      <Filter>Source Files\model</Filter>
    </ClCompile>
    <ClCompile Include="model\Node.cpp">
      <Filter>Source Files\model</Filter>
    </ClCompile>
    <ClCompile Include="model\ParameterBase.cpp">
      <Filter>Source Files\model</Filter>
    </ClCompile>
    <ClCompile Include="model\IntegerParameter.cpp">
      <Filter>Source Files\model</Filter>
    </ClCompile>
    <ClCompile Include="model\StringParameter.cpp">
      <Filter>Source Files\model</Filter>
    </ClCompile>
    <ClCompile Include="model\matrix\DynamicNToNLinearMatrix.cpp">
      <Filter>Source Files\model\matrix</Filter>
    </ClCompile>
    <ClCompile Include="model\matrix\Matrix.cpp">
      <Filter>Source Files\model\matrix</Filter>
    </ClCompile>
    <ClCompile Include="model\matrix\NonlinearMatrix.cpp">
      <Filter>Source Files\model\matrix</Filter>
    </ClCompile>
    <ClCompile Include="model\matrix\NToNLinearMatrix.cpp">
      <Filter>Source Files\model\matrix</Filter>
    </ClCompile>
    <ClCompile Include="model\matrix\NToNNonlinearMatrix.cpp">
      <Filter>Source Files\model\matrix</Filter>
    </ClCompile>
    <ClCompile Include="model\matrix\OneToNLinearMatrix.cpp">
      <Filter>Source Files\model\matrix</Filter>
    </ClCompile>
    <ClCompile Include="model\matrix\LinearMatrix.cpp">
      <Filter>Source Files\model\matrix</Filter>
    </ClCompile>
    <ClCompile Include="model\matrix\Signal.cpp">
      <Filter>Source Files\model\matrix</Filter>
    </ClCompile>
    <ClCompile Include="model\matrix\detail\Connect.cpp">
      <Filter>Source Files\model\matrix\detail</Filter>
    </ClCompile>
    <ClCompile Include="GeneratedFiles\Debug\moc_Consumer.cpp">
      <Filter>Generated Files\Debug</Filter>
    </ClCompile>
    <ClCompile Include="GeneratedFiles\Release\moc_Consumer.cpp">
      <Filter>Generated Files\Release</Filter>
    </ClCompile>
    <ClCompile Include="glow\Encoder.cpp">
      <Filter>Source Files\glow</Filter>
    </ClCompile>
    <ClCompile Include="glow\Walker.cpp">
      <Filter>Source Files\glow</Filter>
    </ClCompile>
    <ClCompile Include="model\Function.cpp">
      <Filter>Source Files\model</Filter>
    </ClCompile>
  </ItemGroup>
  <ItemGroup>
    <CustomBuild Include=".\net\TcpClient.h">
      <Filter>Source Files\net</Filter>
    </CustomBuild>
    <CustomBuild Include=".\net\TcpServer.h">
      <Filter>Source Files\net</Filter>
    </CustomBuild>
    <CustomBuild Include=".\glow\Consumer.h">
      <Filter>Source Files\glow</Filter>
    </CustomBuild>
    <CustomBuild Include="GeneratedFiles\Debug\main.moc">
      <Filter>Generated Files\Debug</Filter>
    </CustomBuild>
    <CustomBuild Include="GeneratedFiles\Release\main.moc">
      <Filter>Generated Files\Release</Filter>
    </CustomBuild>
  </ItemGroup>
  <ItemGroup>
    <ClInclude Include=".\net\TcpClientFactory.h">
      <Filter>Source Files\net</Filter>
    </ClInclude>
    <ClInclude Include=".\glow\Dispatcher.h">
      <Filter>Source Files\glow</Filter>
    </ClInclude>
    <ClInclude Include="model\Element.h">
      <Filter>Source Files\model</Filter>
    </ClInclude>
    <ClInclude Include="model\Node.h">
      <Filter>Source Files\model</Filter>
    </ClInclude>
    <ClInclude Include="model\ElementVisitor.h">
      <Filter>Source Files\model</Filter>
    </ClInclude>
    <ClInclude Include="model\Parameter.h">
      <Filter>Source Files\model</Filter>
    </ClInclude>
    <ClInclude Include="model\ParameterBase.h">
      <Filter>Source Files\model</Filter>
    </ClInclude>
    <ClInclude Include="model\IntegerParameter.h">
      <Filter>Source Files\model</Filter>
    </ClInclude>
    <ClInclude Include="model\StringParameter.h">
      <Filter>Source Files\model</Filter>
    </ClInclude>
    <ClInclude Include="util\Collection.h">
      <Filter>Source Files\util</Filter>
    </ClInclude>
    <ClInclude Include="model\NotificationSink.h">
      <Filter>Source Files\model</Filter>
    </ClInclude>
    <ClInclude Include="util\Types.h">
      <Filter>Source Files\util</Filter>
    </ClInclude>
    <ClInclude Include="model\matrix\DynamicNToNLinearMatrix.h">
      <Filter>Source Files\model\matrix</Filter>
    </ClInclude>
    <ClInclude Include="model\matrix\LinearMatrix.h">
      <Filter>Source Files\model\matrix</Filter>
    </ClInclude>
    <ClInclude Include="model\matrix\Matrix.h">
      <Filter>Source Files\model\matrix</Filter>
    </ClInclude>
    <ClInclude Include="model\matrix\NonlinearMatrix.h">
      <Filter>Source Files\model\matrix</Filter>
    </ClInclude>
    <ClInclude Include="model\matrix\NToNLinearMatrix.h">
      <Filter>Source Files\model\matrix</Filter>
    </ClInclude>
    <ClInclude Include="model\matrix\NToNNonlinearMatrix.h">
      <Filter>Source Files\model\matrix</Filter>
    </ClInclude>
    <ClInclude Include="model\matrix\OneToNLinearMatrix.h">
      <Filter>Source Files\model\matrix</Filter>
    </ClInclude>
    <ClInclude Include="model\matrix\Signal.h">
      <Filter>Source Files\model\matrix</Filter>
    </ClInclude>
    <ClInclude Include="model\matrix\detail\Connect.h">
      <Filter>Source Files\model\matrix\detail</Filter>
    </ClInclude>
    <ClInclude Include="model\model.h">
      <Filter>Source Files\model</Filter>
    </ClInclude>
    <ClInclude Include="glow\Encoder.h">
      <Filter>Source Files\glow</Filter>
    </ClInclude>
    <ClInclude Include="glow\Walker.h">
      <Filter>Source Files\glow</Filter>
    </ClInclude>
    <ClInclude Include="model\DynamicElementEmitter.h">
      <Filter>Source Files\model</Filter>
    </ClInclude>
    <ClInclude Include="model\Function.h">
      <Filter>Source Files\model</Filter>
    </ClInclude>
  </ItemGroup>
</Project>